
Microsoft Visual Studio Solution File, Format Version 12.00
# Visual Studio Version 17
VisualStudioVersion = 17.9.34616.47
MinimumVisualStudioVersion = 10.0.40219.1
Project("{FAE04EC0-301F-11D3-BF4B-00C04F79EFBC}") = "Calculator", "Calculator\Calculator.csproj", "{1754868B-977F-4F73-9CB0-B8735C52AE17}"
EndProject
Global
	GlobalSection(SolutionConfigurationPlatforms) = preSolution
		Debug|Any CPU = Debug|Any CPU
		Release|Any CPU = Release|Any CPU
	EndGlobalSection
	GlobalSection(ProjectConfigurationPlatforms) = postSolution
		{1754868B-977F-4F73-9CB0-B8735C52AE17}.Debug|Any CPU.ActiveCfg = Debug|Any CPU
		{1754868B-977F-4F73-9CB0-B8735C52AE17}.Debug|Any CPU.Build.0 = Debug|Any CPU
		{1754868B-977F-4F73-9CB0-B8735C52AE17}.Release|Any CPU.ActiveCfg = Release|Any CPU
		{1754868B-977F-4F73-9CB0-B8735C52AE17}.Release|Any CPU.Build.0 = Release|Any CPU
	EndGlobalSection
	GlobalSection(SolutionProperties) = preSolution
		HideSolutionNode = FALSE
	EndGlobalSection
	GlobalSection(ExtensibilityGlobals) = postSolution
		SolutionGuid = {5CEC1A17-1E47-4091-B981-8316055ED72D}
	EndGlobalSection
EndGlobal
